
Microsoft Visual Studio Solution File, Format Version 12.00
# Visual Studio 14
VisualStudioVersion = 14.0.24720.0
MinimumVisualStudioVersion = 10.0.40219.1
Project("{FAE04EC0-301F-11D3-BF4B-00C04F79EFBC}") = "InternetGame", "InternetGame\InternetGame.csproj", "{4EC5A5DF-2828-48D7-8F30-869D714ABDC6}"
EndProject
Project("{FAE04EC0-301F-11D3-BF4B-00C04F79EFBC}") = "InternetGame.Server", "InternetGame.Server\InternetGame.Server.csproj", "{A7DF4480-4ECB-49A9-9E4A-C3089674C71F}"
EndProject
Project("{FAE04EC0-301F-11D3-BF4B-00C04F79EFBC}") = "InternetGame.Library", "InternetGame.Library\InternetGame.Library.csproj", "{D437447B-471F-483C-AE29-2309D596BE11}"
EndProject
Global
	GlobalSection(SolutionConfigurationPlatforms) = preSolution
		Debug|Any CPU = Debug|Any CPU
		Debug|x86 = Debug|x86
		Release|Any CPU = Release|Any CPU
		Release|x86 = Release|x86
	EndGlobalSection
	GlobalSection(ProjectConfigurationPlatforms) = postSolution
		{4EC5A5DF-2828-48D7-8F30-869D714ABDC6}.Debug|Any CPU.ActiveCfg = Debug|x86
		{4EC5A5DF-2828-48D7-8F30-869D714ABDC6}.Debug|x86.ActiveCfg = Debug|x86
		{4EC5A5DF-2828-48D7-8F30-869D714ABDC6}.Debug|x86.Build.0 = Debug|x86
		{4EC5A5DF-2828-48D7-8F30-869D714ABDC6}.Release|Any CPU.ActiveCfg = Release|x86
		{4EC5A5DF-2828-48D7-8F30-869D714ABDC6}.Release|x86.ActiveCfg = Release|x86
		{4EC5A5DF-2828-48D7-8F30-869D714ABDC6}.Release|x86.Build.0 = Release|x86
		{A7DF4480-4ECB-49A9-9E4A-C3089674C71F}.Debug|Any CPU.ActiveCfg = Debug|Any CPU
		{A7DF4480-4ECB-49A9-9E4A-C3089674C71F}.Debug|Any CPU.Build.0 = Debug|Any CPU
		{A7DF4480-4ECB-49A9-9E4A-C3089674C71F}.Debug|x86.ActiveCfg = Debug|Any CPU
		{A7DF4480-4ECB-49A9-9E4A-C3089674C71F}.Debug|x86.Build.0 = Debug|Any CPU
		{A7DF4480-4ECB-49A9-9E4A-C3089674C71F}.Release|Any CPU.ActiveCfg = Release|Any CPU
		{A7DF4480-4ECB-49A9-9E4A-C3089674C71F}.Release|Any CPU.Build.0 = Release|Any CPU
		{A7DF4480-4ECB-49A9-9E4A-C3089674C71F}.Release|x86.ActiveCfg = Release|Any CPU
		{A7DF4480-4ECB-49A9-9E4A-C3089674C71F}.Release|x86.Build.0 = Release|Any CPU
		{D437447B-471F-483C-AE29-2309D596BE11}.Debug|Any CPU.ActiveCfg = Debug|Any CPU
		{D437447B-471F-483C-AE29-2309D596BE11}.Debug|Any CPU.Build.0 = Debug|Any CPU
		{D437447B-471F-483C-AE29-2309D596BE11}.Debug|x86.ActiveCfg = Debug|Any CPU
		{D437447B-471F-483C-AE29-2309D596BE11}.Debug|x86.Build.0 = Debug|Any CPU
		{D437447B-471F-483C-AE29-2309D596BE11}.Release|Any CPU.ActiveCfg = Release|Any CPU
		{D437447B-471F-483C-AE29-2309D596BE11}.Release|Any CPU.Build.0 = Release|Any CPU
		{D437447B-471F-483C-AE29-2309D596BE11}.Release|x86.ActiveCfg = Release|Any CPU
		{D437447B-471F-483C-AE29-2309D596BE11}.Release|x86.Build.0 = Release|Any CPU
	EndGlobalSection
	GlobalSection(SolutionProperties) = preSolution
		HideSolutionNode = FALSE
	EndGlobalSection
EndGlobal
